
Microsoft Visual Studio Solution File, Format Version 12.00
# Visual Studio Version 16
VisualStudioVersion = 16.6.30114.105
MinimumVisualStudioVersion = 10.0.40219.1
Project("{F2A71F9B-5D33-465A-A702-920D77279786}") = "webview-example", "app\webview-example.fsproj", "{58A7477B-356A-4107-B689-2475C5EEDD37}"
EndProject
Project("{2150E333-8FDC-42A3-9474-1A3956D46DE8}") = "web", "web", "{DE4F27D2-AFE5-4091-B160-C2D1DFE73428}"
EndProject
Project("{F2A71F9B-5D33-465A-A702-920D77279786}") = "App", "web\src\App.fsproj", "{734A94C9-25BB-4CE9-B24E-CAB06D33F21A}"
EndProject
Project("{F2A71F9B-5D33-465A-A702-920D77279786}") = "app-eval", "app-eval\app-eval.fsproj", "{FA9494B9-71CC-40BA-9AE5-E51635DF9388}"
EndProject
Project("{F2A71F9B-5D33-465A-A702-920D77279786}") = "photino", "photino\photino.fsproj", "{B1B19C5E-2CC5-4C3A-BC4B-E956A6D1792D}"
EndProject
Global
	GlobalSection(SolutionConfigurationPlatforms) = preSolution
		Debug|Any CPU = Debug|Any CPU
		Debug|x64 = Debug|x64
		Debug|x86 = Debug|x86
		Release|Any CPU = Release|Any CPU
		Release|x64 = Release|x64
		Release|x86 = Release|x86
	EndGlobalSection
	GlobalSection(SolutionProperties) = preSolution
		HideSolutionNode = FALSE
	EndGlobalSection
	GlobalSection(ProjectConfigurationPlatforms) = postSolution
		{58A7477B-356A-4107-B689-2475C5EEDD37}.Debug|Any CPU.ActiveCfg = Debug|Any CPU
		{58A7477B-356A-4107-B689-2475C5EEDD37}.Debug|Any CPU.Build.0 = Debug|Any CPU
		{58A7477B-356A-4107-B689-2475C5EEDD37}.Debug|x64.ActiveCfg = Debug|Any CPU
		{58A7477B-356A-4107-B689-2475C5EEDD37}.Debug|x64.Build.0 = Debug|Any CPU
		{58A7477B-356A-4107-B689-2475C5EEDD37}.Debug|x86.ActiveCfg = Debug|Any CPU
		{58A7477B-356A-4107-B689-2475C5EEDD37}.Debug|x86.Build.0 = Debug|Any CPU
		{58A7477B-356A-4107-B689-2475C5EEDD37}.Release|Any CPU.ActiveCfg = Release|Any CPU
		{58A7477B-356A-4107-B689-2475C5EEDD37}.Release|Any CPU.Build.0 = Release|Any CPU
		{58A7477B-356A-4107-B689-2475C5EEDD37}.Release|x64.ActiveCfg = Release|Any CPU
		{58A7477B-356A-4107-B689-2475C5EEDD37}.Release|x64.Build.0 = Release|Any CPU
		{58A7477B-356A-4107-B689-2475C5EEDD37}.Release|x86.ActiveCfg = Release|Any CPU
		{58A7477B-356A-4107-B689-2475C5EEDD37}.Release|x86.Build.0 = Release|Any CPU
		{734A94C9-25BB-4CE9-B24E-CAB06D33F21A}.Debug|Any CPU.ActiveCfg = Debug|Any CPU
		{734A94C9-25BB-4CE9-B24E-CAB06D33F21A}.Debug|Any CPU.Build.0 = Debug|Any CPU
		{734A94C9-25BB-4CE9-B24E-CAB06D33F21A}.Debug|x64.ActiveCfg = Debug|Any CPU
		{734A94C9-25BB-4CE9-B24E-CAB06D33F21A}.Debug|x64.Build.0 = Debug|Any CPU
		{734A94C9-25BB-4CE9-B24E-CAB06D33F21A}.Debug|x86.ActiveCfg = Debug|Any CPU
		{734A94C9-25BB-4CE9-B24E-CAB06D33F21A}.Debug|x86.Build.0 = Debug|Any CPU
		{734A94C9-25BB-4CE9-B24E-CAB06D33F21A}.Release|Any CPU.ActiveCfg = Release|Any CPU
		{734A94C9-25BB-4CE9-B24E-CAB06D33F21A}.Release|Any CPU.Build.0 = Release|Any CPU
		{734A94C9-25BB-4CE9-B24E-CAB06D33F21A}.Release|x64.ActiveCfg = Release|Any CPU
		{734A94C9-25BB-4CE9-B24E-CAB06D33F21A}.Release|x64.Build.0 = Release|Any CPU
		{734A94C9-25BB-4CE9-B24E-CAB06D33F21A}.Release|x86.ActiveCfg = Release|Any CPU
		{734A94C9-25BB-4CE9-B24E-CAB06D33F21A}.Release|x86.Build.0 = Release|Any CPU
		{FA9494B9-71CC-40BA-9AE5-E51635DF9388}.Debug|Any CPU.ActiveCfg = Debug|Any CPU
		{FA9494B9-71CC-40BA-9AE5-E51635DF9388}.Debug|Any CPU.Build.0 = Debug|Any CPU
		{FA9494B9-71CC-40BA-9AE5-E51635DF9388}.Debug|x64.ActiveCfg = Debug|Any CPU
		{FA9494B9-71CC-40BA-9AE5-E51635DF9388}.Debug|x64.Build.0 = Debug|Any CPU
		{FA9494B9-71CC-40BA-9AE5-E51635DF9388}.Debug|x86.ActiveCfg = Debug|Any CPU
		{FA9494B9-71CC-40BA-9AE5-E51635DF9388}.Debug|x86.Build.0 = Debug|Any CPU
		{FA9494B9-71CC-40BA-9AE5-E51635DF9388}.Release|Any CPU.ActiveCfg = Release|Any CPU
		{FA9494B9-71CC-40BA-9AE5-E51635DF9388}.Release|Any CPU.Build.0 = Release|Any CPU
		{FA9494B9-71CC-40BA-9AE5-E51635DF9388}.Release|x64.ActiveCfg = Release|Any CPU
		{FA9494B9-71CC-40BA-9AE5-E51635DF9388}.Release|x64.Build.0 = Release|Any CPU
		{FA9494B9-71CC-40BA-9AE5-E51635DF9388}.Release|x86.ActiveCfg = Release|Any CPU
		{FA9494B9-71CC-40BA-9AE5-E51635DF9388}.Release|x86.Build.0 = Release|Any CPU
		{B1B19C5E-2CC5-4C3A-BC4B-E956A6D1792D}.Debug|Any CPU.ActiveCfg = Debug|Any CPU
		{B1B19C5E-2CC5-4C3A-BC4B-E956A6D1792D}.Debug|Any CPU.Build.0 = Debug|Any CPU
		{B1B19C5E-2CC5-4C3A-BC4B-E956A6D1792D}.Debug|x64.ActiveCfg = Debug|Any CPU
		{B1B19C5E-2CC5-4C3A-BC4B-E956A6D1792D}.Debug|x64.Build.0 = Debug|Any CPU
		{B1B19C5E-2CC5-4C3A-BC4B-E956A6D1792D}.Debug|x86.ActiveCfg = Debug|Any CPU
		{B1B19C5E-2CC5-4C3A-BC4B-E956A6D1792D}.Debug|x86.Build.0 = Debug|Any CPU
		{B1B19C5E-2CC5-4C3A-BC4B-E956A6D1792D}.Release|Any CPU.ActiveCfg = Release|Any CPU
		{B1B19C5E-2CC5-4C3A-BC4B-E956A6D1792D}.Release|Any CPU.Build.0 = Release|Any CPU
		{B1B19C5E-2CC5-4C3A-BC4B-E956A6D1792D}.Release|x64.ActiveCfg = Release|Any CPU
		{B1B19C5E-2CC5-4C3A-BC4B-E956A6D1792D}.Release|x64.Build.0 = Release|Any CPU
		{B1B19C5E-2CC5-4C3A-BC4B-E956A6D1792D}.Release|x86.ActiveCfg = Release|Any CPU
		{B1B19C5E-2CC5-4C3A-BC4B-E956A6D1792D}.Release|x86.Build.0 = Release|Any CPU
	EndGlobalSection
	GlobalSection(NestedProjects) = preSolution
		{734A94C9-25BB-4CE9-B24E-CAB06D33F21A} = {DE4F27D2-AFE5-4091-B160-C2D1DFE73428}
	EndGlobalSection
EndGlobal
